// !$*UTF8*$!
{
	archiveVersion = 1;
	classes = {
	};
	objectVersion = 48;
	objects = {

/* Begin PBXBuildFile section */
		982F9525215DE6A400209DFA /* AppDelegate.m in Sources */ = {isa = PBXBuildFile; fileRef = 982F9524215DE6A400209DFA /* AppDelegate.m */; };
		982F9527215DE6A400209DFA /* Assets.xcassets in Resources */ = {isa = PBXBuildFile; fileRef = 982F9526215DE6A400209DFA /* Assets.xcassets */; };
		982F952A215DE6A400209DFA /* MainMenu.xib in Resources */ = {isa = PBXBuildFile; fileRef = 982F9528215DE6A400209DFA /* MainMenu.xib */; };
		982F952D215DE6A400209DFA /* main.m in Sources */ = {isa = PBXBuildFile; fileRef = 982F952C215DE6A400209DFA /* main.m */; };
		982F953B215DE96300209DFA /* ShadowstarKit.framework in Frameworks */ = {isa = PBXBuildFile; fileRef = 982F9539215DE95200209DFA /* ShadowstarKit.framework */; };
/* End PBXBuildFile section */

/* Begin PBXContainerItemProxy section */
		982F9538215DE95200209DFA /* PBXContainerItemProxy */ = {
			isa = PBXContainerItemProxy;
			containerPortal = 982F9534215DE95200209DFA /* ShadowstarKit.xcodeproj */;
			proxyType = 2;
			remoteGlobalIDString = 98804684205813D100E9E768;
			remoteInfo = ShadowstarKit;
		};
/* End PBXContainerItemProxy section */

/* Begin PBXFileReference section */
		982F9520215DE6A400209DFA /* DriveSnapshot.app */ = {isa = PBXFileReference; explicitFileType = wrapper.application; includeInIndex = 0; path = DriveSnapshot.app; sourceTree = BUILT_PRODUCTS_DIR; };
		982F9523215DE6A400209DFA /* AppDelegate.h */ = {isa = PBXFileReference; lastKnownFileType = sourcecode.c.h; path = AppDelegate.h; sourceTree = "<group>"; };
		982F9524215DE6A400209DFA /* AppDelegate.m */ = {isa = PBXFileReference; lastKnownFileType = sourcecode.c.objc; path = AppDelegate.m; sourceTree = "<group>"; };
		982F9526215DE6A400209DFA /* Assets.xcassets */ = {isa = PBXFileReference; lastKnownFileType = folder.assetcatalog; path = Assets.xcassets; sourceTree = "<group>"; };
		982F9529215DE6A400209DFA /* Base */ = {isa = PBXFileReference; lastKnownFileType = file.xib; name = Base; path = Base.lproj/MainMenu.xib; sourceTree = "<group>"; };
		982F952B215DE6A400209DFA /* Info.plist */ = {isa = PBXFileReference; lastKnownFileType = text.plist.xml; path = Info.plist; sourceTree = "<group>"; };
		982F952C215DE6A400209DFA /* main.m */ = {isa = PBXFileReference; lastKnownFileType = sourcecode.c.objc; path = main.m; sourceTree = "<group>"; };
		982F952E215DE6A400209DFA /* DriveSnapshot.entitlements */ = {isa = PBXFileReference; lastKnownFileType = text.plist.entitlements; path = DriveSnapshot.entitlements; sourceTree = "<group>"; };
		982F9534215DE95200209DFA /* ShadowstarKit.xcodeproj */ = {isa = PBXFileReference; lastKnownFileType = "wrapper.pb-project"; name = ShadowstarKit.xcodeproj; path = ../ShadowstarKit/ShadowstarKit/ShadowstarKit.xcodeproj; sourceTree = "<group>"; };
/* End PBXFileReference section */

/* Begin PBXFrameworksBuildPhase section */
		982F951D215DE6A400209DFA /* Frameworks */ = {
			isa = PBXFrameworksBuildPhase;
			buildActionMask = 2147483647;
			files = (
				982F953B215DE96300209DFA /* ShadowstarKit.framework in Frameworks */,
			);
			runOnlyForDeploymentPostprocessing = 0;
		};
/* End PBXFrameworksBuildPhase section */

/* Begin PBXGroup section */
		982F9517215DE6A400209DFA = {
			isa = PBXGroup;
			children = (
				982F9534215DE95200209DFA /* ShadowstarKit.xcodeproj */,
				982F9522215DE6A400209DFA /* DriveSnapshot */,
				982F9521215DE6A400209DFA /* Products */,
				982F953A215DE96300209DFA /* Frameworks */,
			);
			sourceTree = "<group>";
		};
		982F9521215DE6A400209DFA /* Products */ = {
			isa = PBXGroup;
			children = (
				982F9520215DE6A400209DFA /* DriveSnapshot.app */,
			);
			name = Products;
			sourceTree = "<group>";
		};
		982F9522215DE6A400209DFA /* DriveSnapshot */ = {
			isa = PBXGroup;
			children = (
				982F9523215DE6A400209DFA /* AppDelegate.h */,
				982F9524215DE6A400209DFA /* AppDelegate.m */,
				982F9526215DE6A400209DFA /* Assets.xcassets */,
				982F9528215DE6A400209DFA /* MainMenu.xib */,
				982F952B215DE6A400209DFA /* Info.plist */,
				982F952C215DE6A400209DFA /* main.m */,
				982F952E215DE6A400209DFA /* DriveSnapshot.entitlements */,
			);
			path = DriveSnapshot;
			sourceTree = "<group>";
		};
		982F9535215DE95200209DFA /* Products */ = {
			isa = PBXGroup;
			children = (
				982F9539215DE95200209DFA /* ShadowstarKit.framework */,
			);
			name = Products;
			sourceTree = "<group>";
		};
		982F953A215DE96300209DFA /* Frameworks */ = {
			isa = PBXGroup;
			children = (
			);
			name = Frameworks;
			sourceTree = "<group>";
		};
/* End PBXGroup section */

/* Begin PBXNativeTarget section */
		982F951F215DE6A400209DFA /* DriveSnapshot */ = {
			isa = PBXNativeTarget;
			buildConfigurationList = 982F9531215DE6A400209DFA /* Build configuration list for PBXNativeTarget "DriveSnapshot" */;
			buildPhases = (
				982F951C215DE6A400209DFA /* Sources */,
				982F951D215DE6A400209DFA /* Frameworks */,
				982F951E215DE6A400209DFA /* Resources */,
			);
			buildRules = (
			);
			dependencies = (
			);
			name = DriveSnapshot;
			productName = DriveSnapshot;
			productReference = 982F9520215DE6A400209DFA /* DriveSnapshot.app */;
			productType = "com.apple.product-type.application";
		};
/* End PBXNativeTarget section */

/* Begin PBXProject section */
		982F9518215DE6A400209DFA /* Project object */ = {
			isa = PBXProject;
			attributes = {
				LastUpgradeCheck = 0910;
				ORGANIZATIONNAME = Jovi;
				TargetAttributes = {
					982F951F215DE6A400209DFA = {
						CreatedOnToolsVersion = 9.1;
						ProvisioningStyle = Automatic;
						SystemCapabilities = {
							com.apple.Sandbox = {
								enabled = 0;
							};
						};
					};
				};
			};
			buildConfigurationList = 982F951B215DE6A400209DFA /* Build configuration list for PBXProject "DriveSnapshot" */;
			compatibilityVersion = "Xcode 8.0";
			developmentRegion = en;
			hasScannedForEncodings = 0;
			knownRegions = (
				en,
				Base,
			);
			mainGroup = 982F9517215DE6A400209DFA;
			productRefGroup = 982F9521215DE6A400209DFA /* Products */;
			projectDirPath = "";
			projectReferences = (
				{
					ProductGroup = 982F9535215DE95200209DFA /* Products */;
					ProjectRef = 982F9534215DE95200209DFA /* ShadowstarKit.xcodeproj */;
				},
			);
			projectRoot = "";
			targets = (
				982F951F215DE6A400209DFA /* DriveSnapshot */,
			);
		};
/* End PBXProject section */

/* Begin PBXReferenceProxy section */
		982F9539215DE95200209DFA /* ShadowstarKit.framework */ = {
			isa = PBXReferenceProxy;
			fileType = wrapper.framework;
			path = ShadowstarKit.framework;
			remoteRef = 982F9538215DE95200209DFA /* PBXContainerItemProxy */;
			sourceTree = BUILT_PRODUCTS_DIR;
		};
/* End PBXReferenceProxy section */

/* Begin PBXResourcesBuildPhase section */
		982F951E215DE6A400209DFA /* Resources */ = {
			isa = PBXResourcesBuildPhase;
			buildActionMask = 2147483647;
			files = (
				982F9527215DE6A400209DFA /* Assets.xcassets in Resources */,
				982F952A215DE6A400209DFA /* MainMenu.xib in Resources */,
			);
			runOnlyForDeploymentPostprocessing = 0;
		};
/* End PBXResourcesBuildPhase section */

/* Begin PBXSourcesBuildPhase section */
		982F951C215DE6A400209DFA /* Sources */ = {
			isa = PBXSourcesBuildPhase;
			buildActionMask = 2147483647;
			files = (
				982F952D215DE6A400209DFA /* main.m in Sources */,
				982F9525215DE6A400209DFA /* AppDelegate.m in Sources */,
			);
			runOnlyForDeploymentPostprocessing = 0;
		};
/* End PBXSourcesBuildPhase section */

/* Begin PBXVariantGroup section */
		982F9528215DE6A400209DFA /* MainMenu.xib */ = {
			isa = PBXVariantGroup;
			children = (
				982F9529215DE6A400209DFA /* Base */,
			);
			name = MainMenu.xib;
			sourceTree = "<group>";
		};
/* End PBXVariantGroup section */

/* Begin XCBuildConfiguration section */
		982F952F215DE6A400209DFA /* Debug */ = {
			isa = XCBuildConfiguration;
			buildSettings = {
				ALWAYS_SEARCH_USER_PATHS = NO;
				CLANG_ANALYZER_NONNULL = YES;
				CLANG_ANALYZER_NUMBER_OBJECT_CONVERSION = YES_AGGRESSIVE;
				CLANG_CXX_LANGUAGE_STANDARD = "gnu++14";
				CLANG_CXX_LIBRARY = "libc++";
				CLANG_ENABLE_MODULES = YES;
				CLANG_ENABLE_OBJC_ARC = YES;
				CLANG_WARN_BLOCK_CAPTURE_AUTORELEASING = YES;
				CLANG_WARN_BOOL_CONVERSION = YES;
				CLANG_WARN_COMMA = YES;
				CLANG_WARN_CONSTANT_CONVERSION = YES;
				CLANG_WARN_DIRECT_OBJC_ISA_USAGE = YES_ERROR;
				CLANG_WARN_DOCUMENTATION_COMMENTS = YES;
				CLANG_WARN_EMPTY_BODY = YES;
				CLANG_WARN_ENUM_CONVERSION = YES;
				CLANG_WARN_INFINITE_RECURSION = YES;
				CLANG_WARN_INT_CONVERSION = YES;
				CLANG_WARN_NON_LITERAL_NULL_CONVERSION = YES;
				CLANG_WARN_OBJC_LITERAL_CONVERSION = YES;
				CLANG_WARN_OBJC_ROOT_CLASS = YES_ERROR;
				CLANG_WARN_RANGE_LOOP_ANALYSIS = YES;
				CLANG_WARN_STRICT_PROTOTYPES = YES;
				CLANG_WARN_SUSPICIOUS_MOVE = YES;
				CLANG_WARN_UNGUARDED_AVAILABILITY = YES_AGGRESSIVE;
				CLANG_WARN_UNREACHABLE_CODE = YES;
				CLANG_WARN__DUPLICATE_METHOD_MATCH = YES;
				CODE_SIGN_IDENTITY = "-";
				COPY_PHASE_STRIP = NO;
				DEBUG_INFORMATION_FORMAT = dwarf;
				ENABLE_STRICT_OBJC_MSGSEND = YES;
				ENABLE_TESTABILITY = YES;
				GCC_C_LANGUAGE_STANDARD = gnu11;
				GCC_DYNAMIC_NO_PIC = NO;
				GCC_NO_COMMON_BLOCKS = YES;
				GCC_OPTIMIZATION_LEVEL = 0;
				GCC_PREPROCESSOR_DEFINITIONS = (
					"DEBUG=1",
					"$(inherited)",
				);
				GCC_WARN_64_TO_32_BIT_CONVERSION = YES;
				GCC_WARN_ABOUT_RETURN_TYPE = YES_ERROR;
				GCC_WARN_UNDECLARED_SELECTOR = YES;
				GCC_WARN_UNINITIALIZED_AUTOS = YES_AGGRESSIVE;
				GCC_WARN_UNUSED_FUNCTION = YES;
				GCC_WARN_UNUSED_VARIABLE = YES;
				MACOSX_DEPLOYMENT_TARGET = 10.13;
				MTL_ENABLE_DEBUG_INFO = YES;
				ONLY_ACTIVE_ARCH = YES;
				SDKROOT = macosx;
			};
			name = Debug;
		};
		982F9530215DE6A400209DFA /* Release */ = {
			isa = XCBuildConfiguration;
			buildSettings = {
				ALWAYS_SEARCH_USER_PATHS = NO;
				CLANG_ANALYZER_NONNULL = YES;
				CLANG_ANALYZER_NUMBER_OBJECT_CONVERSION = YES_AGGRESSIVE;
				CLANG_CXX_LANGUAGE_STANDARD = "gnu++14";
				CLANG_CXX_LIBRARY = "libc++";
				CLANG_ENABLE_MODULES = YES;
				CLANG_ENABLE_OBJC_ARC = YES;
				CLANG_WARN_BLOCK_CAPTURE_AUTORELEASING = YES;
				CLANG_WARN_BOOL_CONVERSION = YES;
				CLANG_WARN_COMMA = YES;
				CLANG_WARN_CONSTANT_CONVERSION = YES;
				CLANG_WARN_DIRECT_OBJC_ISA_USAGE = YES_ERROR;
				CLANG_WARN_DOCUMENTATION_COMMENTS = YES;
				CLANG_WARN_EMPTY_BODY = YES;
				CLANG_WARN_ENUM_CONVERSION = YES;
				CLANG_WARN_INFINITE_RECURSION = YES;
				CLANG_WARN_INT_CONVERSION = YES;
				CLANG_WARN_NON_LITERAL_NULL_CONVERSION = YES;
				CLANG_WARN_OBJC_LITERAL_CONVERSION = YES;
				CLANG_WARN_OBJC_ROOT_CLASS = YES_ERROR;
				CLANG_WARN_RANGE_LOOP_ANALYSIS = YES;
				CLANG_WARN_STRICT_PROTOTYPES = YES;
				CLANG_WARN_SUSPICIOUS_MOVE = YES;
				CLANG_WARN_UNGUARDED_AVAILABILITY = YES_AGGRESSIVE;
				CLANG_WARN_UNREACHABLE_CODE = YES;
				CLANG_WARN__DUPLICATE_METHOD_MATCH = YES;
				CODE_SIGN_IDENTITY = "-";
				COPY_PHASE_STRIP = NO;
				DEBUG_INFORMATION_FORMAT = "dwarf-with-dsym";
				ENABLE_NS_ASSERTIONS = NO;
				ENABLE_STRICT_OBJC_MSGSEND = YES;
				GCC_C_LANGUAGE_STANDARD = gnu11;
				GCC_NO_COMMON_BLOCKS = YES;
				GCC_WARN_64_TO_32_BIT_CONVERSION = YES;
				GCC_WARN_ABOUT_RETURN_TYPE = YES_ERROR;
				GCC_WARN_UNDECLARED_SELECTOR = YES;
				GCC_WARN_UNINITIALIZED_AUTOS = YES_AGGRESSIVE;
				GCC_WARN_UNUSED_FUNCTION = YES;
				GCC_WARN_UNUSED_VARIABLE = YES;
				MACOSX_DEPLOYMENT_TARGET = 10.13;
				MTL_ENABLE_DEBUG_INFO = NO;
				SDKROOT = macosx;
			};
			name = Release;
		};
		982F9532215DE6A400209DFA /* Debug */ = {
			isa = XCBuildConfiguration;
			buildSettings = {
				ASSETCATALOG_COMPILER_APPICON_NAME = AppIcon;
				CODE_SIGN_STYLE = Automatic;
				COMBINE_HIDPI_IMAGES = YES;
				CONFIGURATION_BUILD_DIR = "$(BUILD_DIR)/Output";
				INFOPLIST_FILE = DriveSnapshot/Info.plist;
				LD_RUNPATH_SEARCH_PATHS = "$(inherited) @executable_path/../Frameworks";
				MACOSX_DEPLOYMENT_TARGET = 10.7;
				ONLY_ACTIVE_ARCH = YES;
				PRODUCT_BUNDLE_IDENTIFIER = com.HyperartFlow.DriveSnapshot;
				PRODUCT_NAME = "$(TARGET_NAME)";
			};
			name = Debug;
		};
		982F9533215DE6A400209DFA /* Release */ = {
			isa = XCBuildConfiguration;
			buildSettings = {
				ASSETCATALOG_COMPILER_APPICON_NAME = AppIcon;
				CODE_SIGN_STYLE = Automatic;
				COMBINE_HIDPI_IMAGES = YES;
				CONFIGURATION_BUILD_DIR = "$(BUILD_DIR)/Output";
				INFOPLIST_FILE = DriveSnapshot/Info.plist;
				LD_RUNPATH_SEARCH_PATHS = "$(inherited) @executable_path/../Frameworks";
				MACOSX_DEPLOYMENT_TARGET = 10.7;
				ONLY_ACTIVE_ARCH = YES;
				PRODUCT_BUNDLE_IDENTIFIER = com.HyperartFlow.DriveSnapshot;
				PRODUCT_NAME = "$(TARGET_NAME)";
			};
			name = Release;
		};
/* End XCBuildConfiguration section */

/* Begin XCConfigurationList section */
		982F951B215DE6A400209DFA /* Build configuration list for PBXProject "DriveSnapshot" */ = {
			isa = XCConfigurationList;
			buildConfigurations = (
				982F952F215DE6A400209DFA /* Debug */,
				982F9530215DE6A400209DFA /* Release */,
			);
			defaultConfigurationIsVisible = 0;
			defaultConfigurationName = Release;
		};
		982F9531215DE6A400209DFA /* Build configuration list for PBXNativeTarget "DriveSnapshot" */ = {
			isa = XCConfigurationList;
			buildConfigurations = (
				982F9532215DE6A400209DFA /* Debug */,
				982F9533215DE6A400209DFA /* Release */,
			);
			defaultConfigurationIsVisible = 0;
			defaultConfigurationName = Release;
		};
/* End XCConfigurationList section */
	};
	rootObject = 982F9518215DE6A400209DFA /* Project object */;
}
